{
  "name": "FE22-js2-mp3-Josefin-Astborg",
  "lockfileVersion": 3,
  "requires": true,
  "packages": {
    "": {
      "dependencies": {
        "animejs": "^3.2.1",
        "bounce.js": "^0.8.2"
      }
    },
    "node_modules/animejs": {
      "version": "3.2.1",
      "resolved": "https://registry.npmjs.org/animejs/-/animejs-3.2.1.tgz",
      "integrity": "sha512-sWno3ugFryK5nhiDm/2BKeFCpZv7vzerWUcUPyAZLDhMek3+S/p418ldZJbJXo5ZUOpfm2kP2XRO4NJcULMy9A=="
    },
    "node_modules/bounce.js": {
      "version": "0.8.2",
      "resolved": "https://registry.npmjs.org/bounce.js/-/bounce.js-0.8.2.tgz",
      "integrity": "sha512-W/KtGS3qVOUWsuInSkonxIMv/UU/up5pWsbiFA6BtLPWU4VAZLFvtNtvzX5OZEofDZoxrT9C9mv9+E8Y7TawVg=="
    }
  }
}
